
Microsoft Visual Studio Solution File, Format Version 12.00
Project("{FAE04EC0-301F-11D3-BF4B-00C04F79EFBC}") = "CSharpMacorattiUdemy", "CSharpMacorattiUdemy\CSharpMacorattiUdemy.csproj", "{B75955D2-BA5F-4CF5-AD48-75B7BA1EA66E}"
EndProject
Project("{2150E333-8FDC-42A3-9474-1A3956D46DE8}") = "4ClassesMetodos", "4ClassesMetodos", "{A441567F-3F85-446C-9548-DB37B103A4CF}"
EndProject
Project("{FAE04EC0-301F-11D3-BF4B-00C04F79EFBC}") = "69MetodosComRetorno", "69MetodosComRetorno\69MetodosComRetorno.csproj", "{3D7143F8-596E-4D48-A03C-8A5117E4BE22}"
EndProject
Project("{FAE04EC0-301F-11D3-BF4B-00C04F79EFBC}") = "70ExercicioPraticoII", "70ExercicioPraticoII\70ExercicioPraticoII.csproj", "{F92C7F9E-7924-4928-AA11-727467FB4F97}"
EndProject
Project("{FAE04EC0-301F-11D3-BF4B-00C04F79EFBC}") = "71SobrecargaDeMetodos", "71SobrecargaDeMetodos\71SobrecargaDeMetodos.csproj", "{FF816023-75CB-496C-8A6F-EEB9CA44CCFB}"
EndProject
Project("{FAE04EC0-301F-11D3-BF4B-00C04F79EFBC}") = "72ExemploPratico", "72ExemploPratico\72ExemploPratico.csproj", "{2D3140E4-0627-493C-B642-796E23C2D759}"
EndProject
Project("{FAE04EC0-301F-11D3-BF4B-00C04F79EFBC}") = "73PassandoArgumentosPor Valor", "73PassandoArgumentosPorValor\73PassandoArgumentosPor Valor.csproj", "{F034B1BD-5503-4618-A3F4-E4F6B6E3BC6E}"
EndProject
Project("{FAE04EC0-301F-11D3-BF4B-00C04F79EFBC}") = "rgumentosPorReferenciaRef", "74ArgumentosReferenciaRef\rgumentosPorReferenciaRef.csproj", "{4B6C38B1-EDD7-411C-8D3E-C7FB017F7196}"
EndProject
Project("{FAE04EC0-301F-11D3-BF4B-00C04F79EFBC}") = "75ExercicioPraticoIII", "75ExercicioPraticoIII\75ExercicioPraticoIII.csproj", "{B9D9BE84-22A8-4E57-90E9-DE755DF1D239}"
EndProject
Global
	GlobalSection(SolutionConfigurationPlatforms) = preSolution
		Debug|Any CPU = Debug|Any CPU
		Release|Any CPU = Release|Any CPU
	EndGlobalSection
	GlobalSection(ProjectConfigurationPlatforms) = postSolution
		{B75955D2-BA5F-4CF5-AD48-75B7BA1EA66E}.Debug|Any CPU.ActiveCfg = Debug|Any CPU
		{B75955D2-BA5F-4CF5-AD48-75B7BA1EA66E}.Debug|Any CPU.Build.0 = Debug|Any CPU
		{B75955D2-BA5F-4CF5-AD48-75B7BA1EA66E}.Release|Any CPU.ActiveCfg = Release|Any CPU
		{B75955D2-BA5F-4CF5-AD48-75B7BA1EA66E}.Release|Any CPU.Build.0 = Release|Any CPU
		{3D7143F8-596E-4D48-A03C-8A5117E4BE22}.Debug|Any CPU.ActiveCfg = Debug|Any CPU
		{3D7143F8-596E-4D48-A03C-8A5117E4BE22}.Debug|Any CPU.Build.0 = Debug|Any CPU
		{3D7143F8-596E-4D48-A03C-8A5117E4BE22}.Release|Any CPU.ActiveCfg = Release|Any CPU
		{3D7143F8-596E-4D48-A03C-8A5117E4BE22}.Release|Any CPU.Build.0 = Release|Any CPU
		{F92C7F9E-7924-4928-AA11-727467FB4F97}.Debug|Any CPU.ActiveCfg = Debug|Any CPU
		{F92C7F9E-7924-4928-AA11-727467FB4F97}.Debug|Any CPU.Build.0 = Debug|Any CPU
		{F92C7F9E-7924-4928-AA11-727467FB4F97}.Release|Any CPU.ActiveCfg = Release|Any CPU
		{F92C7F9E-7924-4928-AA11-727467FB4F97}.Release|Any CPU.Build.0 = Release|Any CPU
		{FF816023-75CB-496C-8A6F-EEB9CA44CCFB}.Debug|Any CPU.ActiveCfg = Debug|Any CPU
		{FF816023-75CB-496C-8A6F-EEB9CA44CCFB}.Debug|Any CPU.Build.0 = Debug|Any CPU
		{FF816023-75CB-496C-8A6F-EEB9CA44CCFB}.Release|Any CPU.ActiveCfg = Release|Any CPU
		{FF816023-75CB-496C-8A6F-EEB9CA44CCFB}.Release|Any CPU.Build.0 = Release|Any CPU
		{2D3140E4-0627-493C-B642-796E23C2D759}.Debug|Any CPU.ActiveCfg = Debug|Any CPU
		{2D3140E4-0627-493C-B642-796E23C2D759}.Debug|Any CPU.Build.0 = Debug|Any CPU
		{2D3140E4-0627-493C-B642-796E23C2D759}.Release|Any CPU.ActiveCfg = Release|Any CPU
		{2D3140E4-0627-493C-B642-796E23C2D759}.Release|Any CPU.Build.0 = Release|Any CPU
		{F034B1BD-5503-4618-A3F4-E4F6B6E3BC6E}.Debug|Any CPU.ActiveCfg = Debug|Any CPU
		{F034B1BD-5503-4618-A3F4-E4F6B6E3BC6E}.Debug|Any CPU.Build.0 = Debug|Any CPU
		{F034B1BD-5503-4618-A3F4-E4F6B6E3BC6E}.Release|Any CPU.ActiveCfg = Release|Any CPU
		{F034B1BD-5503-4618-A3F4-E4F6B6E3BC6E}.Release|Any CPU.Build.0 = Release|Any CPU
		{4B6C38B1-EDD7-411C-8D3E-C7FB017F7196}.Debug|Any CPU.ActiveCfg = Debug|Any CPU
		{4B6C38B1-EDD7-411C-8D3E-C7FB017F7196}.Debug|Any CPU.Build.0 = Debug|Any CPU
		{4B6C38B1-EDD7-411C-8D3E-C7FB017F7196}.Release|Any CPU.ActiveCfg = Release|Any CPU
		{4B6C38B1-EDD7-411C-8D3E-C7FB017F7196}.Release|Any CPU.Build.0 = Release|Any CPU
		{B9D9BE84-22A8-4E57-90E9-DE755DF1D239}.Debug|Any CPU.ActiveCfg = Debug|Any CPU
		{B9D9BE84-22A8-4E57-90E9-DE755DF1D239}.Debug|Any CPU.Build.0 = Debug|Any CPU
		{B9D9BE84-22A8-4E57-90E9-DE755DF1D239}.Release|Any CPU.ActiveCfg = Release|Any CPU
		{B9D9BE84-22A8-4E57-90E9-DE755DF1D239}.Release|Any CPU.Build.0 = Release|Any CPU
	EndGlobalSection
	GlobalSection(NestedProjects) = preSolution
		{3D7143F8-596E-4D48-A03C-8A5117E4BE22} = {A441567F-3F85-446C-9548-DB37B103A4CF}
		{F92C7F9E-7924-4928-AA11-727467FB4F97} = {A441567F-3F85-446C-9548-DB37B103A4CF}
		{FF816023-75CB-496C-8A6F-EEB9CA44CCFB} = {A441567F-3F85-446C-9548-DB37B103A4CF}
		{2D3140E4-0627-493C-B642-796E23C2D759} = {A441567F-3F85-446C-9548-DB37B103A4CF}
		{F034B1BD-5503-4618-A3F4-E4F6B6E3BC6E} = {A441567F-3F85-446C-9548-DB37B103A4CF}
		{4B6C38B1-EDD7-411C-8D3E-C7FB017F7196} = {A441567F-3F85-446C-9548-DB37B103A4CF}
		{B9D9BE84-22A8-4E57-90E9-DE755DF1D239} = {A441567F-3F85-446C-9548-DB37B103A4CF}
	EndGlobalSection
EndGlobal
