
Microsoft Visual Studio Solution File, Format Version 12.00
Project("{FAE04EC0-301F-11D3-BF4B-00C04F79EFBC}") = "126PilaresdePOO", "06ProgramacaoOrientadaObjetos\126PilaresdePOO\126PilaresdePOO.csproj", "{3BCFDF31-83F3-4C31-B6C1-E4ABEEA9B294}"
EndProject
Project("{FAE04EC0-301F-11D3-BF4B-00C04F79EFBC}") = "127HerancaConceitoSintaxe", "06ProgramacaoOrientadaObjetos\127HerancaConceitoSintaxe\127HerancaConceitoSintaxe.csproj", "{83EB5496-2AFE-4C60-8F8A-B6F96A6D760D}"
EndProject
Project("{FAE04EC0-301F-11D3-BF4B-00C04F79EFBC}") = "77ExercicioPraticoIV", "04ClassesMetodos\77ExercicioPraticoIV\77ExercicioPraticoIV.csproj", "{E82F9D34-E795-49B9-B91E-7151D4BB9D55}"
EndProject
Project("{FAE04EC0-301F-11D3-BF4B-00C04F79EFBC}") = "78ArgumentosNomeados", "04ClassesMetodos\78ArgumentosNomeados\78ArgumentosNomeados.csproj", "{17F6F544-6D78-4F37-853A-2998D379E072}"
EndProject
Project("{FAE04EC0-301F-11D3-BF4B-00C04F79EFBC}") = "80ExercicioPraticoV", "04ClassesMetodos\80ExercicioPraticoV\80ExercicioPraticoV.csproj", "{D5B2A8E9-AA39-4CFC-9513-E7D6ED54E90D}"
EndProject
Project("{FAE04EC0-301F-11D3-BF4B-00C04F79EFBC}") = "81MetodosEstaticos", "04ClassesMetodos\81MetodosEstaticos\81MetodosEstaticos.csproj", "{5CAC02C7-4268-4A27-A856-19D081148DB4}"
EndProject
Project("{FAE04EC0-301F-11D3-BF4B-00C04F79EFBC}") = "83ExerciciosCamposEstaticos", "04ClassesMetodos\83ExerciciosCamposEstaticos\83ExerciciosCamposEstaticos.csproj", "{D4F602D8-A3B6-4910-8FCF-89AE36752DE8}"
EndProject
Project("{FAE04EC0-301F-11D3-BF4B-00C04F79EFBC}") = "84ExercicioPraticoVI", "04ClassesMetodos\84ExercicioPraticoVI\84ExercicioPraticoVI.csproj", "{5AC562C7-BE59-4224-A869-AA9683912857}"
EndProject
Project("{FAE04EC0-301F-11D3-BF4B-00C04F79EFBC}") = "128HerancaComportamentos", "06ProgramacaoOrientadaObjetos\128HerancaComportamentos\128HerancaComportamentos.csproj", "{E7F8A0EF-4652-451F-95E6-46A6B8DE5A7D}"
EndProject
Project("{FAE04EC0-301F-11D3-BF4B-00C04F79EFBC}") = "129HerancaConstrutores", "06ProgramacaoOrientadaObjetos\129HerancaConstrutores\129HerancaConstrutores.csproj", "{17596310-3ED2-479B-8FB6-EBA3A9EC1F14}"
EndProject
Project("{FAE04EC0-301F-11D3-BF4B-00C04F79EFBC}") = "130HerancaObject", "06ProgramacaoOrientadaObjetos\130HerancaObject\130HerancaObject.csproj", "{B5220DC4-58C4-4757-A11B-8AA48A221062}"
EndProject
Project("{FAE04EC0-301F-11D3-BF4B-00C04F79EFBC}") = "131HerancaNew", "06ProgramacaoOrientadaObjetos\131HerancaNew\131HerancaNew.csproj", "{B2D6DE22-E505-48A1-BED6-EDB41436BD42}"
EndProject
Project("{FAE04EC0-301F-11D3-BF4B-00C04F79EFBC}") = "132HerancaVirtualOverride", "06ProgramacaoOrientadaObjetos\132HerancaVirtualOverride\132HerancaVirtualOverride.csproj", "{E9AE57BF-C579-44D3-B278-B0E175FE024A}"
EndProject
Project("{FAE04EC0-301F-11D3-BF4B-00C04F79EFBC}") = "133ModificadorSealed", "06ProgramacaoOrientadaObjetos\133ModificadorSealed\133ModificadorSealed.csproj", "{B981425E-529F-43A3-9590-8616420A60D8}"
EndProject
Project("{FAE04EC0-301F-11D3-BF4B-00C04F79EFBC}") = "133ModificadorsSealed2", "06ProgramacaoOrientadaObjetos\133ModificadorsSealed2\133ModificadorsSealed2.csproj", "{E044E4D4-0183-48EF-8DFA-F64E64AE025E}"
EndProject
Project("{FAE04EC0-301F-11D3-BF4B-00C04F79EFBC}") = "134ExercicioHeranca", "06ProgramacaoOrientadaObjetos\134ExercicioHeranca\134ExercicioHeranca.csproj", "{7A17315E-AC40-40BE-B924-D5C76F859882}"
EndProject
Project("{FAE04EC0-301F-11D3-BF4B-00C04F79EFBC}") = "45InstrucaoIF", "03EstruturasControle\45InstrucaoIF\45InstrucaoIF.csproj", "{43114E31-57FF-4020-A882-1DC92E328385}"
EndProject
Project("{FAE04EC0-301F-11D3-BF4B-00C04F79EFBC}") = "45InstrucaoIF2", "03EstruturasControle\45InstrucaoIF2\45InstrucaoIF2.csproj", "{EE9D92D6-F774-4804-94FF-520C5FD4045B}"
EndProject
Project("{FAE04EC0-301F-11D3-BF4B-00C04F79EFBC}") = "102Arrays", "05ArrayArrayListList\102Arrays\102Arrays.csproj", "{17D485A9-E594-4665-8B00-359F502007E9}"
EndProject
Project("{FAE04EC0-301F-11D3-BF4B-00C04F79EFBC}") = "103ArraysII", "05ArrayArrayListList\103ArraysII\103ArraysII.csproj", "{D2BD7B56-DD1B-481E-85D9-B3FED0037F25}"
EndProject
Project("{FAE04EC0-301F-11D3-BF4B-00C04F79EFBC}") = "104ArraysIII", "05ArrayArrayListList\104ArraysIII\104ArraysIII.csproj", "{5C9D7339-76A6-49CE-AADA-092042BEEEB3}"
EndProject
Project("{FAE04EC0-301F-11D3-BF4B-00C04F79EFBC}") = "105ClasseArray", "05ArrayArrayListList\105ClasseArray\105ClasseArray.csproj", "{A4DFCDC0-29C6-42FE-A2EB-8F1C278F4465}"
EndProject
Project("{FAE04EC0-301F-11D3-BF4B-00C04F79EFBC}") = "106ExercicioArray", "05ArrayArrayListList\106ExercicioArray\106ExercicioArray.csproj", "{EEEA8638-AC66-4CE3-B827-185381520549}"
EndProject
Project("{FAE04EC0-301F-11D3-BF4B-00C04F79EFBC}") = "106ExercicioArrayProfessor", "05ArrayArrayListList\106ExercicioArrayProfessor\106ExercicioArrayProfessor.csproj", "{D379964E-A731-456C-8083-9B91B18FFB9F}"
EndProject
Project("{FAE04EC0-301F-11D3-BF4B-00C04F79EFBC}") = "107ModificadorParamsI", "05ArrayArrayListList\107ModificadorParamsI\107ModificadorParamsI.csproj", "{841DD062-9F9A-48EB-9E26-77286B40F88F}"
EndProject
Project("{FAE04EC0-301F-11D3-BF4B-00C04F79EFBC}") = "107ModificadorParamsII", "05ArrayArrayListList\107ModificadorParamsII\107ModificadorParamsII.csproj", "{725F33DD-73C6-4419-81FF-232016090599}"
EndProject
Project("{FAE04EC0-301F-11D3-BF4B-00C04F79EFBC}") = "111ArrayListI", "05ArrayArrayListList\111ArrayListI\111ArrayListI.csproj", "{D48A9FF7-96DC-462F-9A4E-90FA4F2E1DC6}"
EndProject
Project("{FAE04EC0-301F-11D3-BF4B-00C04F79EFBC}") = "112ArrayListII", "05ArrayArrayListList\112ArrayListII\112ArrayListII.csproj", "{BB153F94-5FB3-4B59-93D2-011F4EEE681B}"
EndProject
Project("{FAE04EC0-301F-11D3-BF4B-00C04F79EFBC}") = "112ArrayListII_2", "05ArrayArrayListList\112ArrayListII_2\112ArrayListII_2.csproj", "{216198F9-97B3-4A28-B823-8DB1B83ADADC}"
EndProject
Project("{FAE04EC0-301F-11D3-BF4B-00C04F79EFBC}") = "113ArrayListIII", "05ArrayArrayListList\113ArrayListIII\113ArrayListIII.csproj", "{7E774D8F-3BDC-445F-85DC-F17B42539081}"
EndProject
Project("{FAE04EC0-301F-11D3-BF4B-00C04F79EFBC}") = "114ArrayListIV", "05ArrayArrayListList\114ArrayListIV\114ArrayListIV.csproj", "{28AA1463-E451-460F-834F-5A81B008E73C}"
EndProject
Project("{FAE04EC0-301F-11D3-BF4B-00C04F79EFBC}") = "115ColeçãoListTI", "05ArrayArrayListList\115ColeçãoListTI\115ColeçãoListTI.csproj", "{88FE7B96-9DAE-423E-A93C-958075ACBEF0}"
EndProject
Project("{FAE04EC0-301F-11D3-BF4B-00C04F79EFBC}") = "116ColecaoListTII", "05ArrayArrayListList\116ColecaoListTII\116ColecaoListTII.csproj", "{1DAFE55B-FA2A-461B-B314-E50BF845CC01}"
EndProject
Project("{FAE04EC0-301F-11D3-BF4B-00C04F79EFBC}") = "116ColecaoListTII_2", "05ArrayArrayListList\116ColecaoListTII_2\116ColecaoListTII_2.csproj", "{47DF72CF-9389-4534-9C56-B4BA2D5F057F}"
EndProject
Project("{FAE04EC0-301F-11D3-BF4B-00C04F79EFBC}") = "118ListMetodosFind", "05ArrayArrayListList\118ListMetodosFind\118ListMetodosFind.csproj", "{F47C95C0-7631-4865-BD8E-5098CEFF989A}"
EndProject
Project("{FAE04EC0-301F-11D3-BF4B-00C04F79EFBC}") = "119ListMetodosFIndExpressoesLambdas", "05ArrayArrayListList\119ListMetodosFIndExpressoesLambdas\119ListMetodosFIndExpressoesLambdas.csproj", "{531C9890-2F9F-4D70-9CCF-FEBC8331C2C8}"
EndProject
Project("{FAE04EC0-301F-11D3-BF4B-00C04F79EFBC}") = "23TratamentoDeDataHoraDateTime", "02Fundamentos\23TratamentoDeDataHoraDateTime\23TratamentoDeDataHoraDateTime.csproj", "{037629E4-F6AB-4EA3-B9FB-175148C5C4AC}"
EndProject
Project("{FAE04EC0-301F-11D3-BF4B-00C04F79EFBC}") = "19TiposNumericosIntegrais", "02Fundamentos\19TiposNumericosIntegrais\19TiposNumericosIntegrais.csproj", "{E7F135F8-2E13-42BC-AC92-458AE373926B}"
EndProject
Project("{FAE04EC0-301F-11D3-BF4B-00C04F79EFBC}") = "20TiposNumerosPontoFlutuante", "02Fundamentos\20TiposNumerosPontoFlutuante\20TiposNumerosPontoFlutuante.csproj", "{B31DC512-F247-457C-9B9A-B4B26EA991E7}"
EndProject
Project("{FAE04EC0-301F-11D3-BF4B-00C04F79EFBC}") = "87ExercíciosPropriedades", "04ClassesMetodos\87ExercíciosPropriedades\87ExercíciosPropriedades.csproj", "{345737C0-502B-48CC-BEEA-B22E0726561B}"
EndProject
Project("{FAE04EC0-301F-11D3-BF4B-00C04F79EFBC}") = "21TiposBoolChar", "02Fundamentos\21TiposBoolChar\21TiposBoolChar.csproj", "{29284696-541C-48A9-BBA9-1ABA931F5FD6}"
EndProject
Project("{FAE04EC0-301F-11D3-BF4B-00C04F79EFBC}") = "59ClasseObjeto", "04ClassesMetodos\59ClasseObjeto\59ClasseObjeto.csproj", "{1E732633-E1EC-4AC8-94DC-23A47581B12E}"
EndProject
Global
	GlobalSection(SolutionConfigurationPlatforms) = preSolution
		Debug|Any CPU = Debug|Any CPU
		Release|Any CPU = Release|Any CPU
	EndGlobalSection
	GlobalSection(ProjectConfigurationPlatforms) = postSolution
		{3BCFDF31-83F3-4C31-B6C1-E4ABEEA9B294}.Debug|Any CPU.ActiveCfg = Debug|Any CPU
		{3BCFDF31-83F3-4C31-B6C1-E4ABEEA9B294}.Debug|Any CPU.Build.0 = Debug|Any CPU
		{3BCFDF31-83F3-4C31-B6C1-E4ABEEA9B294}.Release|Any CPU.ActiveCfg = Release|Any CPU
		{3BCFDF31-83F3-4C31-B6C1-E4ABEEA9B294}.Release|Any CPU.Build.0 = Release|Any CPU
		{83EB5496-2AFE-4C60-8F8A-B6F96A6D760D}.Debug|Any CPU.ActiveCfg = Debug|Any CPU
		{83EB5496-2AFE-4C60-8F8A-B6F96A6D760D}.Debug|Any CPU.Build.0 = Debug|Any CPU
		{83EB5496-2AFE-4C60-8F8A-B6F96A6D760D}.Release|Any CPU.ActiveCfg = Release|Any CPU
		{83EB5496-2AFE-4C60-8F8A-B6F96A6D760D}.Release|Any CPU.Build.0 = Release|Any CPU
		{E82F9D34-E795-49B9-B91E-7151D4BB9D55}.Debug|Any CPU.ActiveCfg = Debug|Any CPU
		{E82F9D34-E795-49B9-B91E-7151D4BB9D55}.Debug|Any CPU.Build.0 = Debug|Any CPU
		{E82F9D34-E795-49B9-B91E-7151D4BB9D55}.Release|Any CPU.ActiveCfg = Release|Any CPU
		{E82F9D34-E795-49B9-B91E-7151D4BB9D55}.Release|Any CPU.Build.0 = Release|Any CPU
		{17F6F544-6D78-4F37-853A-2998D379E072}.Debug|Any CPU.ActiveCfg = Debug|Any CPU
		{17F6F544-6D78-4F37-853A-2998D379E072}.Debug|Any CPU.Build.0 = Debug|Any CPU
		{17F6F544-6D78-4F37-853A-2998D379E072}.Release|Any CPU.ActiveCfg = Release|Any CPU
		{17F6F544-6D78-4F37-853A-2998D379E072}.Release|Any CPU.Build.0 = Release|Any CPU
		{D5B2A8E9-AA39-4CFC-9513-E7D6ED54E90D}.Debug|Any CPU.ActiveCfg = Debug|Any CPU
		{D5B2A8E9-AA39-4CFC-9513-E7D6ED54E90D}.Debug|Any CPU.Build.0 = Debug|Any CPU
		{D5B2A8E9-AA39-4CFC-9513-E7D6ED54E90D}.Release|Any CPU.ActiveCfg = Release|Any CPU
		{D5B2A8E9-AA39-4CFC-9513-E7D6ED54E90D}.Release|Any CPU.Build.0 = Release|Any CPU
		{5CAC02C7-4268-4A27-A856-19D081148DB4}.Debug|Any CPU.ActiveCfg = Debug|Any CPU
		{5CAC02C7-4268-4A27-A856-19D081148DB4}.Debug|Any CPU.Build.0 = Debug|Any CPU
		{5CAC02C7-4268-4A27-A856-19D081148DB4}.Release|Any CPU.ActiveCfg = Release|Any CPU
		{5CAC02C7-4268-4A27-A856-19D081148DB4}.Release|Any CPU.Build.0 = Release|Any CPU
		{D4F602D8-A3B6-4910-8FCF-89AE36752DE8}.Debug|Any CPU.ActiveCfg = Debug|Any CPU
		{D4F602D8-A3B6-4910-8FCF-89AE36752DE8}.Debug|Any CPU.Build.0 = Debug|Any CPU
		{D4F602D8-A3B6-4910-8FCF-89AE36752DE8}.Release|Any CPU.ActiveCfg = Release|Any CPU
		{D4F602D8-A3B6-4910-8FCF-89AE36752DE8}.Release|Any CPU.Build.0 = Release|Any CPU
		{5AC562C7-BE59-4224-A869-AA9683912857}.Debug|Any CPU.ActiveCfg = Debug|Any CPU
		{5AC562C7-BE59-4224-A869-AA9683912857}.Debug|Any CPU.Build.0 = Debug|Any CPU
		{5AC562C7-BE59-4224-A869-AA9683912857}.Release|Any CPU.ActiveCfg = Release|Any CPU
		{5AC562C7-BE59-4224-A869-AA9683912857}.Release|Any CPU.Build.0 = Release|Any CPU
		{E7F8A0EF-4652-451F-95E6-46A6B8DE5A7D}.Debug|Any CPU.ActiveCfg = Debug|Any CPU
		{E7F8A0EF-4652-451F-95E6-46A6B8DE5A7D}.Debug|Any CPU.Build.0 = Debug|Any CPU
		{E7F8A0EF-4652-451F-95E6-46A6B8DE5A7D}.Release|Any CPU.ActiveCfg = Release|Any CPU
		{E7F8A0EF-4652-451F-95E6-46A6B8DE5A7D}.Release|Any CPU.Build.0 = Release|Any CPU
		{17596310-3ED2-479B-8FB6-EBA3A9EC1F14}.Debug|Any CPU.ActiveCfg = Debug|Any CPU
		{17596310-3ED2-479B-8FB6-EBA3A9EC1F14}.Debug|Any CPU.Build.0 = Debug|Any CPU
		{17596310-3ED2-479B-8FB6-EBA3A9EC1F14}.Release|Any CPU.ActiveCfg = Release|Any CPU
		{17596310-3ED2-479B-8FB6-EBA3A9EC1F14}.Release|Any CPU.Build.0 = Release|Any CPU
		{B5220DC4-58C4-4757-A11B-8AA48A221062}.Debug|Any CPU.ActiveCfg = Debug|Any CPU
		{B5220DC4-58C4-4757-A11B-8AA48A221062}.Debug|Any CPU.Build.0 = Debug|Any CPU
		{B5220DC4-58C4-4757-A11B-8AA48A221062}.Release|Any CPU.ActiveCfg = Release|Any CPU
		{B5220DC4-58C4-4757-A11B-8AA48A221062}.Release|Any CPU.Build.0 = Release|Any CPU
		{B2D6DE22-E505-48A1-BED6-EDB41436BD42}.Debug|Any CPU.ActiveCfg = Debug|Any CPU
		{B2D6DE22-E505-48A1-BED6-EDB41436BD42}.Debug|Any CPU.Build.0 = Debug|Any CPU
		{B2D6DE22-E505-48A1-BED6-EDB41436BD42}.Release|Any CPU.ActiveCfg = Release|Any CPU
		{B2D6DE22-E505-48A1-BED6-EDB41436BD42}.Release|Any CPU.Build.0 = Release|Any CPU
		{E9AE57BF-C579-44D3-B278-B0E175FE024A}.Debug|Any CPU.ActiveCfg = Debug|Any CPU
		{E9AE57BF-C579-44D3-B278-B0E175FE024A}.Debug|Any CPU.Build.0 = Debug|Any CPU
		{E9AE57BF-C579-44D3-B278-B0E175FE024A}.Release|Any CPU.ActiveCfg = Release|Any CPU
		{E9AE57BF-C579-44D3-B278-B0E175FE024A}.Release|Any CPU.Build.0 = Release|Any CPU
		{B981425E-529F-43A3-9590-8616420A60D8}.Debug|Any CPU.ActiveCfg = Debug|Any CPU
		{B981425E-529F-43A3-9590-8616420A60D8}.Debug|Any CPU.Build.0 = Debug|Any CPU
		{B981425E-529F-43A3-9590-8616420A60D8}.Release|Any CPU.ActiveCfg = Release|Any CPU
		{B981425E-529F-43A3-9590-8616420A60D8}.Release|Any CPU.Build.0 = Release|Any CPU
		{E044E4D4-0183-48EF-8DFA-F64E64AE025E}.Debug|Any CPU.ActiveCfg = Debug|Any CPU
		{E044E4D4-0183-48EF-8DFA-F64E64AE025E}.Debug|Any CPU.Build.0 = Debug|Any CPU
		{E044E4D4-0183-48EF-8DFA-F64E64AE025E}.Release|Any CPU.ActiveCfg = Release|Any CPU
		{E044E4D4-0183-48EF-8DFA-F64E64AE025E}.Release|Any CPU.Build.0 = Release|Any CPU
		{7A17315E-AC40-40BE-B924-D5C76F859882}.Debug|Any CPU.ActiveCfg = Debug|Any CPU
		{7A17315E-AC40-40BE-B924-D5C76F859882}.Debug|Any CPU.Build.0 = Debug|Any CPU
		{7A17315E-AC40-40BE-B924-D5C76F859882}.Release|Any CPU.ActiveCfg = Release|Any CPU
		{7A17315E-AC40-40BE-B924-D5C76F859882}.Release|Any CPU.Build.0 = Release|Any CPU
		{43114E31-57FF-4020-A882-1DC92E328385}.Debug|Any CPU.ActiveCfg = Debug|Any CPU
		{43114E31-57FF-4020-A882-1DC92E328385}.Debug|Any CPU.Build.0 = Debug|Any CPU
		{43114E31-57FF-4020-A882-1DC92E328385}.Release|Any CPU.ActiveCfg = Release|Any CPU
		{43114E31-57FF-4020-A882-1DC92E328385}.Release|Any CPU.Build.0 = Release|Any CPU
		{EE9D92D6-F774-4804-94FF-520C5FD4045B}.Debug|Any CPU.ActiveCfg = Debug|Any CPU
		{EE9D92D6-F774-4804-94FF-520C5FD4045B}.Debug|Any CPU.Build.0 = Debug|Any CPU
		{EE9D92D6-F774-4804-94FF-520C5FD4045B}.Release|Any CPU.ActiveCfg = Release|Any CPU
		{EE9D92D6-F774-4804-94FF-520C5FD4045B}.Release|Any CPU.Build.0 = Release|Any CPU
		{17D485A9-E594-4665-8B00-359F502007E9}.Debug|Any CPU.ActiveCfg = Debug|Any CPU
		{17D485A9-E594-4665-8B00-359F502007E9}.Debug|Any CPU.Build.0 = Debug|Any CPU
		{17D485A9-E594-4665-8B00-359F502007E9}.Release|Any CPU.ActiveCfg = Release|Any CPU
		{17D485A9-E594-4665-8B00-359F502007E9}.Release|Any CPU.Build.0 = Release|Any CPU
		{D2BD7B56-DD1B-481E-85D9-B3FED0037F25}.Debug|Any CPU.ActiveCfg = Debug|Any CPU
		{D2BD7B56-DD1B-481E-85D9-B3FED0037F25}.Debug|Any CPU.Build.0 = Debug|Any CPU
		{D2BD7B56-DD1B-481E-85D9-B3FED0037F25}.Release|Any CPU.ActiveCfg = Release|Any CPU
		{D2BD7B56-DD1B-481E-85D9-B3FED0037F25}.Release|Any CPU.Build.0 = Release|Any CPU
		{5C9D7339-76A6-49CE-AADA-092042BEEEB3}.Debug|Any CPU.ActiveCfg = Debug|Any CPU
		{5C9D7339-76A6-49CE-AADA-092042BEEEB3}.Debug|Any CPU.Build.0 = Debug|Any CPU
		{5C9D7339-76A6-49CE-AADA-092042BEEEB3}.Release|Any CPU.ActiveCfg = Release|Any CPU
		{5C9D7339-76A6-49CE-AADA-092042BEEEB3}.Release|Any CPU.Build.0 = Release|Any CPU
		{A4DFCDC0-29C6-42FE-A2EB-8F1C278F4465}.Debug|Any CPU.ActiveCfg = Debug|Any CPU
		{A4DFCDC0-29C6-42FE-A2EB-8F1C278F4465}.Debug|Any CPU.Build.0 = Debug|Any CPU
		{A4DFCDC0-29C6-42FE-A2EB-8F1C278F4465}.Release|Any CPU.ActiveCfg = Release|Any CPU
		{A4DFCDC0-29C6-42FE-A2EB-8F1C278F4465}.Release|Any CPU.Build.0 = Release|Any CPU
		{EEEA8638-AC66-4CE3-B827-185381520549}.Debug|Any CPU.ActiveCfg = Debug|Any CPU
		{EEEA8638-AC66-4CE3-B827-185381520549}.Debug|Any CPU.Build.0 = Debug|Any CPU
		{EEEA8638-AC66-4CE3-B827-185381520549}.Release|Any CPU.ActiveCfg = Release|Any CPU
		{EEEA8638-AC66-4CE3-B827-185381520549}.Release|Any CPU.Build.0 = Release|Any CPU
		{D379964E-A731-456C-8083-9B91B18FFB9F}.Debug|Any CPU.ActiveCfg = Debug|Any CPU
		{D379964E-A731-456C-8083-9B91B18FFB9F}.Debug|Any CPU.Build.0 = Debug|Any CPU
		{D379964E-A731-456C-8083-9B91B18FFB9F}.Release|Any CPU.ActiveCfg = Release|Any CPU
		{D379964E-A731-456C-8083-9B91B18FFB9F}.Release|Any CPU.Build.0 = Release|Any CPU
		{841DD062-9F9A-48EB-9E26-77286B40F88F}.Debug|Any CPU.ActiveCfg = Debug|Any CPU
		{841DD062-9F9A-48EB-9E26-77286B40F88F}.Debug|Any CPU.Build.0 = Debug|Any CPU
		{841DD062-9F9A-48EB-9E26-77286B40F88F}.Release|Any CPU.ActiveCfg = Release|Any CPU
		{841DD062-9F9A-48EB-9E26-77286B40F88F}.Release|Any CPU.Build.0 = Release|Any CPU
		{725F33DD-73C6-4419-81FF-232016090599}.Debug|Any CPU.ActiveCfg = Debug|Any CPU
		{725F33DD-73C6-4419-81FF-232016090599}.Debug|Any CPU.Build.0 = Debug|Any CPU
		{725F33DD-73C6-4419-81FF-232016090599}.Release|Any CPU.ActiveCfg = Release|Any CPU
		{725F33DD-73C6-4419-81FF-232016090599}.Release|Any CPU.Build.0 = Release|Any CPU
		{D48A9FF7-96DC-462F-9A4E-90FA4F2E1DC6}.Debug|Any CPU.ActiveCfg = Debug|Any CPU
		{D48A9FF7-96DC-462F-9A4E-90FA4F2E1DC6}.Debug|Any CPU.Build.0 = Debug|Any CPU
		{D48A9FF7-96DC-462F-9A4E-90FA4F2E1DC6}.Release|Any CPU.ActiveCfg = Release|Any CPU
		{D48A9FF7-96DC-462F-9A4E-90FA4F2E1DC6}.Release|Any CPU.Build.0 = Release|Any CPU
		{BB153F94-5FB3-4B59-93D2-011F4EEE681B}.Debug|Any CPU.ActiveCfg = Debug|Any CPU
		{BB153F94-5FB3-4B59-93D2-011F4EEE681B}.Debug|Any CPU.Build.0 = Debug|Any CPU
		{BB153F94-5FB3-4B59-93D2-011F4EEE681B}.Release|Any CPU.ActiveCfg = Release|Any CPU
		{BB153F94-5FB3-4B59-93D2-011F4EEE681B}.Release|Any CPU.Build.0 = Release|Any CPU
		{216198F9-97B3-4A28-B823-8DB1B83ADADC}.Debug|Any CPU.ActiveCfg = Debug|Any CPU
		{216198F9-97B3-4A28-B823-8DB1B83ADADC}.Debug|Any CPU.Build.0 = Debug|Any CPU
		{216198F9-97B3-4A28-B823-8DB1B83ADADC}.Release|Any CPU.ActiveCfg = Release|Any CPU
		{216198F9-97B3-4A28-B823-8DB1B83ADADC}.Release|Any CPU.Build.0 = Release|Any CPU
		{7E774D8F-3BDC-445F-85DC-F17B42539081}.Debug|Any CPU.ActiveCfg = Debug|Any CPU
		{7E774D8F-3BDC-445F-85DC-F17B42539081}.Debug|Any CPU.Build.0 = Debug|Any CPU
		{7E774D8F-3BDC-445F-85DC-F17B42539081}.Release|Any CPU.ActiveCfg = Release|Any CPU
		{7E774D8F-3BDC-445F-85DC-F17B42539081}.Release|Any CPU.Build.0 = Release|Any CPU
		{28AA1463-E451-460F-834F-5A81B008E73C}.Debug|Any CPU.ActiveCfg = Debug|Any CPU
		{28AA1463-E451-460F-834F-5A81B008E73C}.Debug|Any CPU.Build.0 = Debug|Any CPU
		{28AA1463-E451-460F-834F-5A81B008E73C}.Release|Any CPU.ActiveCfg = Release|Any CPU
		{28AA1463-E451-460F-834F-5A81B008E73C}.Release|Any CPU.Build.0 = Release|Any CPU
		{88FE7B96-9DAE-423E-A93C-958075ACBEF0}.Debug|Any CPU.ActiveCfg = Debug|Any CPU
		{88FE7B96-9DAE-423E-A93C-958075ACBEF0}.Debug|Any CPU.Build.0 = Debug|Any CPU
		{88FE7B96-9DAE-423E-A93C-958075ACBEF0}.Release|Any CPU.ActiveCfg = Release|Any CPU
		{88FE7B96-9DAE-423E-A93C-958075ACBEF0}.Release|Any CPU.Build.0 = Release|Any CPU
		{1DAFE55B-FA2A-461B-B314-E50BF845CC01}.Debug|Any CPU.ActiveCfg = Debug|Any CPU
		{1DAFE55B-FA2A-461B-B314-E50BF845CC01}.Debug|Any CPU.Build.0 = Debug|Any CPU
		{1DAFE55B-FA2A-461B-B314-E50BF845CC01}.Release|Any CPU.ActiveCfg = Release|Any CPU
		{1DAFE55B-FA2A-461B-B314-E50BF845CC01}.Release|Any CPU.Build.0 = Release|Any CPU
		{47DF72CF-9389-4534-9C56-B4BA2D5F057F}.Debug|Any CPU.ActiveCfg = Debug|Any CPU
		{47DF72CF-9389-4534-9C56-B4BA2D5F057F}.Debug|Any CPU.Build.0 = Debug|Any CPU
		{47DF72CF-9389-4534-9C56-B4BA2D5F057F}.Release|Any CPU.ActiveCfg = Release|Any CPU
		{47DF72CF-9389-4534-9C56-B4BA2D5F057F}.Release|Any CPU.Build.0 = Release|Any CPU
		{F47C95C0-7631-4865-BD8E-5098CEFF989A}.Debug|Any CPU.ActiveCfg = Debug|Any CPU
		{F47C95C0-7631-4865-BD8E-5098CEFF989A}.Debug|Any CPU.Build.0 = Debug|Any CPU
		{F47C95C0-7631-4865-BD8E-5098CEFF989A}.Release|Any CPU.ActiveCfg = Release|Any CPU
		{F47C95C0-7631-4865-BD8E-5098CEFF989A}.Release|Any CPU.Build.0 = Release|Any CPU
		{531C9890-2F9F-4D70-9CCF-FEBC8331C2C8}.Debug|Any CPU.ActiveCfg = Debug|Any CPU
		{531C9890-2F9F-4D70-9CCF-FEBC8331C2C8}.Debug|Any CPU.Build.0 = Debug|Any CPU
		{531C9890-2F9F-4D70-9CCF-FEBC8331C2C8}.Release|Any CPU.ActiveCfg = Release|Any CPU
		{531C9890-2F9F-4D70-9CCF-FEBC8331C2C8}.Release|Any CPU.Build.0 = Release|Any CPU
		{037629E4-F6AB-4EA3-B9FB-175148C5C4AC}.Debug|Any CPU.ActiveCfg = Debug|Any CPU
		{037629E4-F6AB-4EA3-B9FB-175148C5C4AC}.Debug|Any CPU.Build.0 = Debug|Any CPU
		{037629E4-F6AB-4EA3-B9FB-175148C5C4AC}.Release|Any CPU.ActiveCfg = Release|Any CPU
		{037629E4-F6AB-4EA3-B9FB-175148C5C4AC}.Release|Any CPU.Build.0 = Release|Any CPU
		{E7F135F8-2E13-42BC-AC92-458AE373926B}.Debug|Any CPU.ActiveCfg = Debug|Any CPU
		{E7F135F8-2E13-42BC-AC92-458AE373926B}.Debug|Any CPU.Build.0 = Debug|Any CPU
		{E7F135F8-2E13-42BC-AC92-458AE373926B}.Release|Any CPU.ActiveCfg = Release|Any CPU
		{E7F135F8-2E13-42BC-AC92-458AE373926B}.Release|Any CPU.Build.0 = Release|Any CPU
		{B31DC512-F247-457C-9B9A-B4B26EA991E7}.Debug|Any CPU.ActiveCfg = Debug|Any CPU
		{B31DC512-F247-457C-9B9A-B4B26EA991E7}.Debug|Any CPU.Build.0 = Debug|Any CPU
		{B31DC512-F247-457C-9B9A-B4B26EA991E7}.Release|Any CPU.ActiveCfg = Release|Any CPU
		{B31DC512-F247-457C-9B9A-B4B26EA991E7}.Release|Any CPU.Build.0 = Release|Any CPU
		{345737C0-502B-48CC-BEEA-B22E0726561B}.Debug|Any CPU.ActiveCfg = Debug|Any CPU
		{345737C0-502B-48CC-BEEA-B22E0726561B}.Debug|Any CPU.Build.0 = Debug|Any CPU
		{345737C0-502B-48CC-BEEA-B22E0726561B}.Release|Any CPU.ActiveCfg = Release|Any CPU
		{345737C0-502B-48CC-BEEA-B22E0726561B}.Release|Any CPU.Build.0 = Release|Any CPU
		{29284696-541C-48A9-BBA9-1ABA931F5FD6}.Debug|Any CPU.ActiveCfg = Debug|Any CPU
		{29284696-541C-48A9-BBA9-1ABA931F5FD6}.Debug|Any CPU.Build.0 = Debug|Any CPU
		{29284696-541C-48A9-BBA9-1ABA931F5FD6}.Release|Any CPU.ActiveCfg = Release|Any CPU
		{29284696-541C-48A9-BBA9-1ABA931F5FD6}.Release|Any CPU.Build.0 = Release|Any CPU
		{1E732633-E1EC-4AC8-94DC-23A47581B12E}.Debug|Any CPU.ActiveCfg = Debug|Any CPU
		{1E732633-E1EC-4AC8-94DC-23A47581B12E}.Debug|Any CPU.Build.0 = Debug|Any CPU
		{1E732633-E1EC-4AC8-94DC-23A47581B12E}.Release|Any CPU.ActiveCfg = Release|Any CPU
		{1E732633-E1EC-4AC8-94DC-23A47581B12E}.Release|Any CPU.Build.0 = Release|Any CPU
	EndGlobalSection
	GlobalSection(NestedProjects) = preSolution
	EndGlobalSection
EndGlobal
