
Microsoft Visual Studio Solution File, Format Version 12.00
Project("{FAE04EC0-301F-11D3-BF4B-00C04F79EFBC}") = "CSharpMacorattiUdemy", "CSharpMacorattiUdemy\CSharpMacorattiUdemy.csproj", "{B75955D2-BA5F-4CF5-AD48-75B7BA1EA66E}"
EndProject
Project("{FAE04EC0-301F-11D3-BF4B-00C04F79EFBC}") = "126PilaresdePOO", "06ProgramacaoOrientadaObjetos\126PilaresdePOO\126PilaresdePOO.csproj", "{3BCFDF31-83F3-4C31-B6C1-E4ABEEA9B294}"
EndProject
Project("{FAE04EC0-301F-11D3-BF4B-00C04F79EFBC}") = "127HerancaConceitoSintaxe", "06ProgramacaoOrientadaObjetos\127HerancaConceitoSintaxe\127HerancaConceitoSintaxe.csproj", "{83EB5496-2AFE-4C60-8F8A-B6F96A6D760D}"
EndProject
Project("{FAE04EC0-301F-11D3-BF4B-00C04F79EFBC}") = "77ExercicioPraticoIV", "04ClassesMetodos\77ExercicioPraticoIV\77ExercicioPraticoIV.csproj", "{E82F9D34-E795-49B9-B91E-7151D4BB9D55}"
EndProject
Project("{FAE04EC0-301F-11D3-BF4B-00C04F79EFBC}") = "78ArgumentosNomeados", "04ClassesMetodos\78ArgumentosNomeados\78ArgumentosNomeados.csproj", "{17F6F544-6D78-4F37-853A-2998D379E072}"
EndProject
Project("{FAE04EC0-301F-11D3-BF4B-00C04F79EFBC}") = "80ExercicioPraticoV", "04ClassesMetodos\80ExercicioPraticoV\80ExercicioPraticoV.csproj", "{D5B2A8E9-AA39-4CFC-9513-E7D6ED54E90D}"
EndProject
Project("{FAE04EC0-301F-11D3-BF4B-00C04F79EFBC}") = "81MetodosEstaticos", "04ClassesMetodos\81MetodosEstaticos\81MetodosEstaticos.csproj", "{5CAC02C7-4268-4A27-A856-19D081148DB4}"
EndProject
Project("{FAE04EC0-301F-11D3-BF4B-00C04F79EFBC}") = "83ExerciciosCamposEstaticos", "04ClassesMetodos\83ExerciciosCamposEstaticos\83ExerciciosCamposEstaticos.csproj", "{D4F602D8-A3B6-4910-8FCF-89AE36752DE8}"
EndProject
Project("{FAE04EC0-301F-11D3-BF4B-00C04F79EFBC}") = "84ExercicioPraticoVI", "04ClassesMetodos\84ExercicioPraticoVI\84ExercicioPraticoVI.csproj", "{5AC562C7-BE59-4224-A869-AA9683912857}"
EndProject
Project("{FAE04EC0-301F-11D3-BF4B-00C04F79EFBC}") = "128HerancaComportamentos", "06ProgramacaoOrientadaObjetos\128HerancaComportamentos\128HerancaComportamentos.csproj", "{E7F8A0EF-4652-451F-95E6-46A6B8DE5A7D}"
EndProject
Project("{FAE04EC0-301F-11D3-BF4B-00C04F79EFBC}") = "129HerancaConstrutores", "06ProgramacaoOrientadaObjetos\129HerancaConstrutores\129HerancaConstrutores.csproj", "{17596310-3ED2-479B-8FB6-EBA3A9EC1F14}"
EndProject
Project("{FAE04EC0-301F-11D3-BF4B-00C04F79EFBC}") = "130HerancaObject", "06ProgramacaoOrientadaObjetos\130HerancaObject\130HerancaObject.csproj", "{B5220DC4-58C4-4757-A11B-8AA48A221062}"
EndProject
Project("{FAE04EC0-301F-11D3-BF4B-00C04F79EFBC}") = "131HerancaNew", "06ProgramacaoOrientadaObjetos\131HerancaNew\131HerancaNew.csproj", "{B2D6DE22-E505-48A1-BED6-EDB41436BD42}"
EndProject
Project("{FAE04EC0-301F-11D3-BF4B-00C04F79EFBC}") = "132HerancaVirtualOverride", "06ProgramacaoOrientadaObjetos\132HerancaVirtualOverride\132HerancaVirtualOverride.csproj", "{E9AE57BF-C579-44D3-B278-B0E175FE024A}"
EndProject
Project("{FAE04EC0-301F-11D3-BF4B-00C04F79EFBC}") = "133ModificadorSealed", "06ProgramacaoOrientadaObjetos\133ModificadorSealed\133ModificadorSealed.csproj", "{B981425E-529F-43A3-9590-8616420A60D8}"
EndProject
Project("{FAE04EC0-301F-11D3-BF4B-00C04F79EFBC}") = "133ModificadorsSealed2", "06ProgramacaoOrientadaObjetos\133ModificadorsSealed2\133ModificadorsSealed2.csproj", "{E044E4D4-0183-48EF-8DFA-F64E64AE025E}"
EndProject
Project("{FAE04EC0-301F-11D3-BF4B-00C04F79EFBC}") = "134ExercicioHeranca", "06ProgramacaoOrientadaObjetos\134ExercicioHeranca\134ExercicioHeranca.csproj", "{7A17315E-AC40-40BE-B924-D5C76F859882}"
EndProject
Global
	GlobalSection(SolutionConfigurationPlatforms) = preSolution
		Debug|Any CPU = Debug|Any CPU
		Release|Any CPU = Release|Any CPU
	EndGlobalSection
	GlobalSection(ProjectConfigurationPlatforms) = postSolution
		{B75955D2-BA5F-4CF5-AD48-75B7BA1EA66E}.Debug|Any CPU.ActiveCfg = Debug|Any CPU
		{B75955D2-BA5F-4CF5-AD48-75B7BA1EA66E}.Debug|Any CPU.Build.0 = Debug|Any CPU
		{B75955D2-BA5F-4CF5-AD48-75B7BA1EA66E}.Release|Any CPU.ActiveCfg = Release|Any CPU
		{B75955D2-BA5F-4CF5-AD48-75B7BA1EA66E}.Release|Any CPU.Build.0 = Release|Any CPU
		{3BCFDF31-83F3-4C31-B6C1-E4ABEEA9B294}.Debug|Any CPU.ActiveCfg = Debug|Any CPU
		{3BCFDF31-83F3-4C31-B6C1-E4ABEEA9B294}.Debug|Any CPU.Build.0 = Debug|Any CPU
		{3BCFDF31-83F3-4C31-B6C1-E4ABEEA9B294}.Release|Any CPU.ActiveCfg = Release|Any CPU
		{3BCFDF31-83F3-4C31-B6C1-E4ABEEA9B294}.Release|Any CPU.Build.0 = Release|Any CPU
		{83EB5496-2AFE-4C60-8F8A-B6F96A6D760D}.Debug|Any CPU.ActiveCfg = Debug|Any CPU
		{83EB5496-2AFE-4C60-8F8A-B6F96A6D760D}.Debug|Any CPU.Build.0 = Debug|Any CPU
		{83EB5496-2AFE-4C60-8F8A-B6F96A6D760D}.Release|Any CPU.ActiveCfg = Release|Any CPU
		{83EB5496-2AFE-4C60-8F8A-B6F96A6D760D}.Release|Any CPU.Build.0 = Release|Any CPU
		{E82F9D34-E795-49B9-B91E-7151D4BB9D55}.Debug|Any CPU.ActiveCfg = Debug|Any CPU
		{E82F9D34-E795-49B9-B91E-7151D4BB9D55}.Debug|Any CPU.Build.0 = Debug|Any CPU
		{E82F9D34-E795-49B9-B91E-7151D4BB9D55}.Release|Any CPU.ActiveCfg = Release|Any CPU
		{E82F9D34-E795-49B9-B91E-7151D4BB9D55}.Release|Any CPU.Build.0 = Release|Any CPU
		{17F6F544-6D78-4F37-853A-2998D379E072}.Debug|Any CPU.ActiveCfg = Debug|Any CPU
		{17F6F544-6D78-4F37-853A-2998D379E072}.Debug|Any CPU.Build.0 = Debug|Any CPU
		{17F6F544-6D78-4F37-853A-2998D379E072}.Release|Any CPU.ActiveCfg = Release|Any CPU
		{17F6F544-6D78-4F37-853A-2998D379E072}.Release|Any CPU.Build.0 = Release|Any CPU
		{D5B2A8E9-AA39-4CFC-9513-E7D6ED54E90D}.Debug|Any CPU.ActiveCfg = Debug|Any CPU
		{D5B2A8E9-AA39-4CFC-9513-E7D6ED54E90D}.Debug|Any CPU.Build.0 = Debug|Any CPU
		{D5B2A8E9-AA39-4CFC-9513-E7D6ED54E90D}.Release|Any CPU.ActiveCfg = Release|Any CPU
		{D5B2A8E9-AA39-4CFC-9513-E7D6ED54E90D}.Release|Any CPU.Build.0 = Release|Any CPU
		{5CAC02C7-4268-4A27-A856-19D081148DB4}.Debug|Any CPU.ActiveCfg = Debug|Any CPU
		{5CAC02C7-4268-4A27-A856-19D081148DB4}.Debug|Any CPU.Build.0 = Debug|Any CPU
		{5CAC02C7-4268-4A27-A856-19D081148DB4}.Release|Any CPU.ActiveCfg = Release|Any CPU
		{5CAC02C7-4268-4A27-A856-19D081148DB4}.Release|Any CPU.Build.0 = Release|Any CPU
		{D4F602D8-A3B6-4910-8FCF-89AE36752DE8}.Debug|Any CPU.ActiveCfg = Debug|Any CPU
		{D4F602D8-A3B6-4910-8FCF-89AE36752DE8}.Debug|Any CPU.Build.0 = Debug|Any CPU
		{D4F602D8-A3B6-4910-8FCF-89AE36752DE8}.Release|Any CPU.ActiveCfg = Release|Any CPU
		{D4F602D8-A3B6-4910-8FCF-89AE36752DE8}.Release|Any CPU.Build.0 = Release|Any CPU
		{5AC562C7-BE59-4224-A869-AA9683912857}.Debug|Any CPU.ActiveCfg = Debug|Any CPU
		{5AC562C7-BE59-4224-A869-AA9683912857}.Debug|Any CPU.Build.0 = Debug|Any CPU
		{5AC562C7-BE59-4224-A869-AA9683912857}.Release|Any CPU.ActiveCfg = Release|Any CPU
		{5AC562C7-BE59-4224-A869-AA9683912857}.Release|Any CPU.Build.0 = Release|Any CPU
		{E7F8A0EF-4652-451F-95E6-46A6B8DE5A7D}.Debug|Any CPU.ActiveCfg = Debug|Any CPU
		{E7F8A0EF-4652-451F-95E6-46A6B8DE5A7D}.Debug|Any CPU.Build.0 = Debug|Any CPU
		{E7F8A0EF-4652-451F-95E6-46A6B8DE5A7D}.Release|Any CPU.ActiveCfg = Release|Any CPU
		{E7F8A0EF-4652-451F-95E6-46A6B8DE5A7D}.Release|Any CPU.Build.0 = Release|Any CPU
		{17596310-3ED2-479B-8FB6-EBA3A9EC1F14}.Debug|Any CPU.ActiveCfg = Debug|Any CPU
		{17596310-3ED2-479B-8FB6-EBA3A9EC1F14}.Debug|Any CPU.Build.0 = Debug|Any CPU
		{17596310-3ED2-479B-8FB6-EBA3A9EC1F14}.Release|Any CPU.ActiveCfg = Release|Any CPU
		{17596310-3ED2-479B-8FB6-EBA3A9EC1F14}.Release|Any CPU.Build.0 = Release|Any CPU
		{B5220DC4-58C4-4757-A11B-8AA48A221062}.Debug|Any CPU.ActiveCfg = Debug|Any CPU
		{B5220DC4-58C4-4757-A11B-8AA48A221062}.Debug|Any CPU.Build.0 = Debug|Any CPU
		{B5220DC4-58C4-4757-A11B-8AA48A221062}.Release|Any CPU.ActiveCfg = Release|Any CPU
		{B5220DC4-58C4-4757-A11B-8AA48A221062}.Release|Any CPU.Build.0 = Release|Any CPU
		{B2D6DE22-E505-48A1-BED6-EDB41436BD42}.Debug|Any CPU.ActiveCfg = Debug|Any CPU
		{B2D6DE22-E505-48A1-BED6-EDB41436BD42}.Debug|Any CPU.Build.0 = Debug|Any CPU
		{B2D6DE22-E505-48A1-BED6-EDB41436BD42}.Release|Any CPU.ActiveCfg = Release|Any CPU
		{B2D6DE22-E505-48A1-BED6-EDB41436BD42}.Release|Any CPU.Build.0 = Release|Any CPU
		{E9AE57BF-C579-44D3-B278-B0E175FE024A}.Debug|Any CPU.ActiveCfg = Debug|Any CPU
		{E9AE57BF-C579-44D3-B278-B0E175FE024A}.Debug|Any CPU.Build.0 = Debug|Any CPU
		{E9AE57BF-C579-44D3-B278-B0E175FE024A}.Release|Any CPU.ActiveCfg = Release|Any CPU
		{E9AE57BF-C579-44D3-B278-B0E175FE024A}.Release|Any CPU.Build.0 = Release|Any CPU
		{B981425E-529F-43A3-9590-8616420A60D8}.Debug|Any CPU.ActiveCfg = Debug|Any CPU
		{B981425E-529F-43A3-9590-8616420A60D8}.Debug|Any CPU.Build.0 = Debug|Any CPU
		{B981425E-529F-43A3-9590-8616420A60D8}.Release|Any CPU.ActiveCfg = Release|Any CPU
		{B981425E-529F-43A3-9590-8616420A60D8}.Release|Any CPU.Build.0 = Release|Any CPU
		{E044E4D4-0183-48EF-8DFA-F64E64AE025E}.Debug|Any CPU.ActiveCfg = Debug|Any CPU
		{E044E4D4-0183-48EF-8DFA-F64E64AE025E}.Debug|Any CPU.Build.0 = Debug|Any CPU
		{E044E4D4-0183-48EF-8DFA-F64E64AE025E}.Release|Any CPU.ActiveCfg = Release|Any CPU
		{E044E4D4-0183-48EF-8DFA-F64E64AE025E}.Release|Any CPU.Build.0 = Release|Any CPU
		{7A17315E-AC40-40BE-B924-D5C76F859882}.Debug|Any CPU.ActiveCfg = Debug|Any CPU
		{7A17315E-AC40-40BE-B924-D5C76F859882}.Debug|Any CPU.Build.0 = Debug|Any CPU
		{7A17315E-AC40-40BE-B924-D5C76F859882}.Release|Any CPU.ActiveCfg = Release|Any CPU
		{7A17315E-AC40-40BE-B924-D5C76F859882}.Release|Any CPU.Build.0 = Release|Any CPU
	EndGlobalSection
	GlobalSection(NestedProjects) = preSolution
	EndGlobalSection
EndGlobal
