
Microsoft Visual Studio Solution File, Format Version 12.00
# Visual Studio Version 17
VisualStudioVersion = 17.4.33205.214
MinimumVisualStudioVersion = 10.0.40219.1
Project("{FAE04EC0-301F-11D3-BF4B-00C04F79EFBC}") = "Heranca_Exercicio_Resolvido", "Heranca_Exercicio_Resolvido\Heranca_Exercicio_Resolvido.csproj", "{B0183A5D-128B-4FF5-AE25-2D83CBCC23B5}"
EndProject
Global
	GlobalSection(SolutionConfigurationPlatforms) = preSolution
		Debug|Any CPU = Debug|Any CPU
		Release|Any CPU = Release|Any CPU
	EndGlobalSection
	GlobalSection(ProjectConfigurationPlatforms) = postSolution
		{B0183A5D-128B-4FF5-AE25-2D83CBCC23B5}.Debug|Any CPU.ActiveCfg = Debug|Any CPU
		{B0183A5D-128B-4FF5-AE25-2D83CBCC23B5}.Debug|Any CPU.Build.0 = Debug|Any CPU
		{B0183A5D-128B-4FF5-AE25-2D83CBCC23B5}.Release|Any CPU.ActiveCfg = Release|Any CPU
		{B0183A5D-128B-4FF5-AE25-2D83CBCC23B5}.Release|Any CPU.Build.0 = Release|Any CPU
	EndGlobalSection
	GlobalSection(SolutionProperties) = preSolution
		HideSolutionNode = FALSE
	EndGlobalSection
	GlobalSection(ExtensibilityGlobals) = postSolution
		SolutionGuid = {62A4A015-F90D-4AD2-8825-0AFD8C9384E1}
	EndGlobalSection
EndGlobal
